
Microsoft Visual Studio Solution File, Format Version 12.00
# Visual Studio 15
VisualStudioVersion = 15.0.28307.136
MinimumVisualStudioVersion = 10.0.40219.1
Project("{FAE04EC0-301F-11D3-BF4B-00C04F79EFBC}") = "UpdateEngine", "UpdateEngine\UpdateEngine.csproj", "{72B2D84A-7990-4810-BF2D-B863C1B93C3A}"
EndProject
Project("{FAE04EC0-301F-11D3-BF4B-00C04F79EFBC}") = "GPL", "..\GPL\GPL\GPL.csproj", "{6CD92ACE-0DD4-4A81-BBBE-7F090AC05A3F}"
EndProject
Global
	GlobalSection(SolutionConfigurationPlatforms) = preSolution
		Debug|Any CPU = Debug|Any CPU
		Release|Any CPU = Release|Any CPU
	EndGlobalSection
	GlobalSection(ProjectConfigurationPlatforms) = postSolution
		{72B2D84A-7990-4810-BF2D-B863C1B93C3A}.Debug|Any CPU.ActiveCfg = Debug|Any CPU
		{72B2D84A-7990-4810-BF2D-B863C1B93C3A}.Debug|Any CPU.Build.0 = Debug|Any CPU
		{72B2D84A-7990-4810-BF2D-B863C1B93C3A}.Release|Any CPU.ActiveCfg = Release|Any CPU
		{72B2D84A-7990-4810-BF2D-B863C1B93C3A}.Release|Any CPU.Build.0 = Release|Any CPU
		{6CD92ACE-0DD4-4A81-BBBE-7F090AC05A3F}.Debug|Any CPU.ActiveCfg = Debug|Any CPU
		{6CD92ACE-0DD4-4A81-BBBE-7F090AC05A3F}.Debug|Any CPU.Build.0 = Debug|Any CPU
		{6CD92ACE-0DD4-4A81-BBBE-7F090AC05A3F}.Release|Any CPU.ActiveCfg = Release|Any CPU
		{6CD92ACE-0DD4-4A81-BBBE-7F090AC05A3F}.Release|Any CPU.Build.0 = Release|Any CPU
	EndGlobalSection
	GlobalSection(SolutionProperties) = preSolution
		HideSolutionNode = FALSE
	EndGlobalSection
	GlobalSection(ExtensibilityGlobals) = postSolution
		SolutionGuid = {B7252196-982D-469D-931E-C206FA18367E}
	EndGlobalSection
EndGlobal
